
Microsoft Visual Studio Solution File, Format Version 12.00
# Visual Studio Version 17
VisualStudioVersion = 17.3.32922.545
MinimumVisualStudioVersion = 10.0.40219.1
Project("{8BC9CEB8-8B4A-11D0-8D11-00A0C91BC942}") = "2023_05_14_Pokemon_V1", "2023_05_14_Pokemon_V1\2023_05_14_Pokemon_V1.vcxproj", "{BF7D05A0-D56E-4ECB-B27C-3058DDE75E2C}"
EndProject
Global
	GlobalSection(SolutionConfigurationPlatforms) = preSolution
		Debug|x64 = Debug|x64
		Debug|x86 = Debug|x86
		Release|x64 = Release|x64
		Release|x86 = Release|x86
	EndGlobalSection
	GlobalSection(ProjectConfigurationPlatforms) = postSolution
		{BF7D05A0-D56E-4ECB-B27C-3058DDE75E2C}.Debug|x64.ActiveCfg = Debug|x64
		{BF7D05A0-D56E-4ECB-B27C-3058DDE75E2C}.Debug|x64.Build.0 = Debug|x64
		{BF7D05A0-D56E-4ECB-B27C-3058DDE75E2C}.Debug|x86.ActiveCfg = Debug|Win32
		{BF7D05A0-D56E-4ECB-B27C-3058DDE75E2C}.Debug|x86.Build.0 = Debug|Win32
		{BF7D05A0-D56E-4ECB-B27C-3058DDE75E2C}.Release|x64.ActiveCfg = Release|x64
		{BF7D05A0-D56E-4ECB-B27C-3058DDE75E2C}.Release|x64.Build.0 = Release|x64
		{BF7D05A0-D56E-4ECB-B27C-3058DDE75E2C}.Release|x86.ActiveCfg = Release|Win32
		{BF7D05A0-D56E-4ECB-B27C-3058DDE75E2C}.Release|x86.Build.0 = Release|Win32
	EndGlobalSection
	GlobalSection(SolutionProperties) = preSolution
		HideSolutionNode = FALSE
	EndGlobalSection
	GlobalSection(ExtensibilityGlobals) = postSolution
		SolutionGuid = {CE8BCCA1-4723-40E7-9594-730CF2906216}
	EndGlobalSection
EndGlobal
